
Microsoft Visual Studio Solution File, Format Version 12.00
# Visual Studio 14
VisualStudioVersion = 14.0.25420.1
MinimumVisualStudioVersion = 10.0.40219.1
Project("{2150E333-8FDC-42A3-9474-1A3956D46DE8}") = "Server", "Server", "{E0C276AC-8717-4F50-94CD-F432BC1E962B}"
EndProject
Project("{2150E333-8FDC-42A3-9474-1A3956D46DE8}") = "Client", "Client", "{5F88A5CE-40F6-4A63-852B-9D1539B0265B}"
EndProject
Project("{FAE04EC0-301F-11D3-BF4B-00C04F79EFBC}") = "TestWcfCommon", "Common\TestWcfCommon\TestWcfCommon.csproj", "{6D360C5F-A3E9-471A-84AF-09FC8A7EAA13}"
EndProject
Project("{2150E333-8FDC-42A3-9474-1A3956D46DE8}") = "Common", "Common", "{E2780623-5D5C-4F09-81F0-378D091DB862}"
EndProject
Project("{FAE04EC0-301F-11D3-BF4B-00C04F79EFBC}") = "TestWcfService", "Server\TestWcfService\TestWcfService.csproj", "{ADDB2438-3EC2-4C5D-9F33-B2951475D666}"
EndProject
Project("{2150E333-8FDC-42A3-9474-1A3956D46DE8}") = "SergeyDerko", "SergeyDerko", "{CF8FF486-E641-45C5-8266-78A60E52176D}"
EndProject
Project("{2150E333-8FDC-42A3-9474-1A3956D46DE8}") = "SergeyDerko", "SergeyDerko", "{147ECC06-574C-4956-94C4-12D26C7A2051}"
EndProject
Project("{FAE04EC0-301F-11D3-BF4B-00C04F79EFBC}") = "SergeyDerkoLibrary", "Server\SergeyDerko\SergeyDerkoLibrary\SergeyDerkoLibrary.csproj", "{9093DDCD-35E6-4F5B-9ABA-DDDFDB0DED14}"
EndProject
Project("{FAE04EC0-301F-11D3-BF4B-00C04F79EFBC}") = "SergeyDerkoLibrary", "Client\SergeyDerko\SergeyDerkoLibrary\SergeyDerkoLibrary.csproj", "{92597DC6-10FE-497F-8982-40C220D70C52}"
EndProject
Project("{FAE04EC0-301F-11D3-BF4B-00C04F79EFBC}") = "ReadLoger", "Client\SergeyDerko\ReadLoger\ReadLoger.csproj", "{F8FCB2DB-DEB8-4C6C-899D-0DF7075D78A1}"
EndProject
Project("{2150E333-8FDC-42A3-9474-1A3956D46DE8}") = "DataBase", "DataBase", "{AEA403D7-BF21-4FA5-AA76-C780029FAC0E}"
EndProject
Project("{FAE04EC0-301F-11D3-BF4B-00C04F79EFBC}") = "TestWcfDB", "DataBase\TestWcfDB\TestWcfDB.csproj", "{8B51648C-B566-4A11-8349-FC8FB6A55F42}"
EndProject
Project("{FAE04EC0-301F-11D3-BF4B-00C04F79EFBC}") = "TestWcfTypes", "Common\TestWcfTypes\TestWcfTypes.csproj", "{19B86A68-7A8D-46B9-B68D-757F5028A562}"
EndProject
Project("{FAE04EC0-301F-11D3-BF4B-00C04F79EFBC}") = "WebClientMVC", "Client\WebClientMVC\WebClientMVC.csproj", "{B6F4B2D0-3E6D-4594-A26C-67A1B805ECD2}"
EndProject
Global
	GlobalSection(SolutionConfigurationPlatforms) = preSolution
		Debug|Any CPU = Debug|Any CPU
		Release|Any CPU = Release|Any CPU
	EndGlobalSection
	GlobalSection(ProjectConfigurationPlatforms) = postSolution
		{6D360C5F-A3E9-471A-84AF-09FC8A7EAA13}.Debug|Any CPU.ActiveCfg = Debug|Any CPU
		{6D360C5F-A3E9-471A-84AF-09FC8A7EAA13}.Debug|Any CPU.Build.0 = Debug|Any CPU
		{6D360C5F-A3E9-471A-84AF-09FC8A7EAA13}.Release|Any CPU.ActiveCfg = Release|Any CPU
		{6D360C5F-A3E9-471A-84AF-09FC8A7EAA13}.Release|Any CPU.Build.0 = Release|Any CPU
		{ADDB2438-3EC2-4C5D-9F33-B2951475D666}.Debug|Any CPU.ActiveCfg = Debug|Any CPU
		{ADDB2438-3EC2-4C5D-9F33-B2951475D666}.Debug|Any CPU.Build.0 = Debug|Any CPU
		{ADDB2438-3EC2-4C5D-9F33-B2951475D666}.Release|Any CPU.ActiveCfg = Release|Any CPU
		{ADDB2438-3EC2-4C5D-9F33-B2951475D666}.Release|Any CPU.Build.0 = Release|Any CPU
		{9093DDCD-35E6-4F5B-9ABA-DDDFDB0DED14}.Debug|Any CPU.ActiveCfg = Debug|Any CPU
		{9093DDCD-35E6-4F5B-9ABA-DDDFDB0DED14}.Debug|Any CPU.Build.0 = Debug|Any CPU
		{9093DDCD-35E6-4F5B-9ABA-DDDFDB0DED14}.Release|Any CPU.ActiveCfg = Release|Any CPU
		{9093DDCD-35E6-4F5B-9ABA-DDDFDB0DED14}.Release|Any CPU.Build.0 = Release|Any CPU
		{92597DC6-10FE-497F-8982-40C220D70C52}.Debug|Any CPU.ActiveCfg = Debug|Any CPU
		{92597DC6-10FE-497F-8982-40C220D70C52}.Debug|Any CPU.Build.0 = Debug|Any CPU
		{92597DC6-10FE-497F-8982-40C220D70C52}.Release|Any CPU.ActiveCfg = Release|Any CPU
		{92597DC6-10FE-497F-8982-40C220D70C52}.Release|Any CPU.Build.0 = Release|Any CPU
		{F8FCB2DB-DEB8-4C6C-899D-0DF7075D78A1}.Debug|Any CPU.ActiveCfg = Debug|Any CPU
		{F8FCB2DB-DEB8-4C6C-899D-0DF7075D78A1}.Debug|Any CPU.Build.0 = Debug|Any CPU
		{F8FCB2DB-DEB8-4C6C-899D-0DF7075D78A1}.Release|Any CPU.ActiveCfg = Release|Any CPU
		{F8FCB2DB-DEB8-4C6C-899D-0DF7075D78A1}.Release|Any CPU.Build.0 = Release|Any CPU
		{8B51648C-B566-4A11-8349-FC8FB6A55F42}.Debug|Any CPU.ActiveCfg = Debug|Any CPU
		{8B51648C-B566-4A11-8349-FC8FB6A55F42}.Debug|Any CPU.Build.0 = Debug|Any CPU
		{8B51648C-B566-4A11-8349-FC8FB6A55F42}.Release|Any CPU.ActiveCfg = Release|Any CPU
		{8B51648C-B566-4A11-8349-FC8FB6A55F42}.Release|Any CPU.Build.0 = Release|Any CPU
		{19B86A68-7A8D-46B9-B68D-757F5028A562}.Debug|Any CPU.ActiveCfg = Debug|Any CPU
		{19B86A68-7A8D-46B9-B68D-757F5028A562}.Debug|Any CPU.Build.0 = Debug|Any CPU
		{19B86A68-7A8D-46B9-B68D-757F5028A562}.Release|Any CPU.ActiveCfg = Release|Any CPU
		{19B86A68-7A8D-46B9-B68D-757F5028A562}.Release|Any CPU.Build.0 = Release|Any CPU
		{B6F4B2D0-3E6D-4594-A26C-67A1B805ECD2}.Debug|Any CPU.ActiveCfg = Debug|Any CPU
		{B6F4B2D0-3E6D-4594-A26C-67A1B805ECD2}.Debug|Any CPU.Build.0 = Debug|Any CPU
		{B6F4B2D0-3E6D-4594-A26C-67A1B805ECD2}.Release|Any CPU.ActiveCfg = Release|Any CPU
		{B6F4B2D0-3E6D-4594-A26C-67A1B805ECD2}.Release|Any CPU.Build.0 = Release|Any CPU
	EndGlobalSection
	GlobalSection(SolutionProperties) = preSolution
		HideSolutionNode = FALSE
	EndGlobalSection
	GlobalSection(NestedProjects) = preSolution
		{6D360C5F-A3E9-471A-84AF-09FC8A7EAA13} = {E2780623-5D5C-4F09-81F0-378D091DB862}
		{ADDB2438-3EC2-4C5D-9F33-B2951475D666} = {E0C276AC-8717-4F50-94CD-F432BC1E962B}
		{CF8FF486-E641-45C5-8266-78A60E52176D} = {5F88A5CE-40F6-4A63-852B-9D1539B0265B}
		{147ECC06-574C-4956-94C4-12D26C7A2051} = {E0C276AC-8717-4F50-94CD-F432BC1E962B}
		{9093DDCD-35E6-4F5B-9ABA-DDDFDB0DED14} = {147ECC06-574C-4956-94C4-12D26C7A2051}
		{92597DC6-10FE-497F-8982-40C220D70C52} = {CF8FF486-E641-45C5-8266-78A60E52176D}
		{F8FCB2DB-DEB8-4C6C-899D-0DF7075D78A1} = {CF8FF486-E641-45C5-8266-78A60E52176D}
		{8B51648C-B566-4A11-8349-FC8FB6A55F42} = {AEA403D7-BF21-4FA5-AA76-C780029FAC0E}
		{19B86A68-7A8D-46B9-B68D-757F5028A562} = {E2780623-5D5C-4F09-81F0-378D091DB862}
		{B6F4B2D0-3E6D-4594-A26C-67A1B805ECD2} = {5F88A5CE-40F6-4A63-852B-9D1539B0265B}
	EndGlobalSection
EndGlobal
